
Microsoft Visual Studio Solution File, Format Version 12.00
# Visual Studio Version 16
VisualStudioVersion = 16.0.29230.61
MinimumVisualStudioVersion = 10.0.40219.1
Project("{9A19103F-16F7-4668-BE54-9A1E7A4F7556}") = "FormatAndDiff", "FormatAndDiff\FormatAndDiff.csproj", "{EAC952D6-4AA8-4748-8CD7-C7097CC609A1}"
EndProject
Project("{FAE04EC0-301F-11D3-BF4B-00C04F79EFBC}") = "FlowTestingTool", "FlowTestingTool\FlowTestingTool.csproj", "{957FCC2F-E40C-48B5-99CC-76FD97F29064}"
EndProject
Global
	GlobalSection(SolutionConfigurationPlatforms) = preSolution
		Debug|Any CPU = Debug|Any CPU
		Release|Any CPU = Release|Any CPU
	EndGlobalSection
	GlobalSection(ProjectConfigurationPlatforms) = postSolution
		{EAC952D6-4AA8-4748-8CD7-C7097CC609A1}.Debug|Any CPU.ActiveCfg = Debug|Any CPU
		{EAC952D6-4AA8-4748-8CD7-C7097CC609A1}.Debug|Any CPU.Build.0 = Debug|Any CPU
		{EAC952D6-4AA8-4748-8CD7-C7097CC609A1}.Release|Any CPU.ActiveCfg = Release|Any CPU
		{EAC952D6-4AA8-4748-8CD7-C7097CC609A1}.Release|Any CPU.Build.0 = Release|Any CPU
		{957FCC2F-E40C-48B5-99CC-76FD97F29064}.Debug|Any CPU.ActiveCfg = Debug|Any CPU
		{957FCC2F-E40C-48B5-99CC-76FD97F29064}.Debug|Any CPU.Build.0 = Debug|Any CPU
		{957FCC2F-E40C-48B5-99CC-76FD97F29064}.Release|Any CPU.ActiveCfg = Release|Any CPU
		{957FCC2F-E40C-48B5-99CC-76FD97F29064}.Release|Any CPU.Build.0 = Release|Any CPU
	EndGlobalSection
	GlobalSection(SolutionProperties) = preSolution
		HideSolutionNode = FALSE
	EndGlobalSection
	GlobalSection(ExtensibilityGlobals) = postSolution
		SolutionGuid = {67105AC6-CED1-4DB4-81AE-4F0ABD9E3083}
	EndGlobalSection
EndGlobal
